// !$*UTF8*$!
{
	archiveVersion = 1;
	classes = {
	};
	objectVersion = 77;
	objects = {

/* Begin PBXContainerItemProxy section */
		812F53212E2B9EE20027B48B /* PBXContainerItemProxy */ = {
			isa = PBXContainerItemProxy;
			containerPortal = 812F53022E2B9EE00027B48B /* Project object */;
			proxyType = 1;
			remoteGlobalIDString = 812F53092E2B9EE00027B48B;
			remoteInfo = ezReader;
		};
		812F532B2E2B9EE20027B48B /* PBXContainerItemProxy */ = {
			isa = PBXContainerItemProxy;
			containerPortal = 812F53022E2B9EE00027B48B /* Project object */;
			proxyType = 1;
			remoteGlobalIDString = 812F53092E2B9EE00027B48B;
			remoteInfo = ezReader;
		};
/* End PBXContainerItemProxy section */

/* Begin PBXFileReference section */
		812F530A2E2B9EE00027B48B /* ezReader.app */ = {isa = PBXFileReference; explicitFileType = wrapper.application; includeInIndex = 0; path = ezReader.app; sourceTree = BUILT_PRODUCTS_DIR; };
		812F53202E2B9EE20027B48B /* ezReaderTests.xctest */ = {isa = PBXFileReference; explicitFileType = wrapper.cfbundle; includeInIndex = 0; path = ezReaderTests.xctest; sourceTree = BUILT_PRODUCTS_DIR; };
		812F532A2E2B9EE20027B48B /* ezReaderUITests.xctest */ = {isa = PBXFileReference; explicitFileType = wrapper.cfbundle; includeInIndex = 0; path = ezReaderUITests.xctest; sourceTree = BUILT_PRODUCTS_DIR; };
/* End PBXFileReference section */

/* Begin PBXFileSystemSynchronizedBuildFileExceptionSet section */
		812F53322E2B9EE20027B48B /* Exceptions for "ezReader" folder in "ezReader" target */ = {
			isa = PBXFileSystemSynchronizedBuildFileExceptionSet;
			membershipExceptions = (
				Info.plist,
			);
			target = 812F53092E2B9EE00027B48B /* ezReader */;
		};
/* End PBXFileSystemSynchronizedBuildFileExceptionSet section */

/* Begin PBXFileSystemSynchronizedRootGroup section */
		812F530C2E2B9EE00027B48B /* ezReader */ = {
			isa = PBXFileSystemSynchronizedRootGroup;
			exceptions = (
				812F53322E2B9EE20027B48B /* Exceptions for "ezReader" folder in "ezReader" target */,
			);
			path = ezReader;
			sourceTree = "<group>";
		};
		812F53232E2B9EE20027B48B /* ezReaderTests */ = {
			isa = PBXFileSystemSynchronizedRootGroup;
			path = ezReaderTests;
			sourceTree = "<group>";
		};
		812F532D2E2B9EE20027B48B /* ezReaderUITests */ = {
			isa = PBXFileSystemSynchronizedRootGroup;
			path = ezReaderUITests;
			sourceTree = "<group>";
		};
/* End PBXFileSystemSynchronizedRootGroup section */

/* Begin PBXFrameworksBuildPhase section */
		812F53072E2B9EE00027B48B /* Frameworks */ = {
			isa = PBXFrameworksBuildPhase;
			buildActionMask = 2147483647;
			files = (
			);
			runOnlyForDeploymentPostprocessing = 0;
		};
		812F531D2E2B9EE20027B48B /* Frameworks */ = {
			isa = PBXFrameworksBuildPhase;
			buildActionMask = 2147483647;
			files = (
			);
			runOnlyForDeploymentPostprocessing = 0;
		};
		812F53272E2B9EE20027B48B /* Frameworks */ = {
			isa = PBXFrameworksBuildPhase;
			buildActionMask = 2147483647;
			files = (
			);
			runOnlyForDeploymentPostprocessing = 0;
		};
/* End PBXFrameworksBuildPhase section */

/* Begin PBXGroup section */
		812F53012E2B9EE00027B48B = {
			isa = PBXGroup;
			children = (
				812F530C2E2B9EE00027B48B /* ezReader */,
				812F53232E2B9EE20027B48B /* ezReaderTests */,
				812F532D2E2B9EE20027B48B /* ezReaderUITests */,
				812F530B2E2B9EE00027B48B /* Products */,
			);
			sourceTree = "<group>";
		};
		812F530B2E2B9EE00027B48B /* Products */ = {
			isa = PBXGroup;
			children = (
				812F530A2E2B9EE00027B48B /* ezReader.app */,
				812F53202E2B9EE20027B48B /* ezReaderTests.xctest */,
				812F532A2E2B9EE20027B48B /* ezReaderUITests.xctest */,
			);
			name = Products;
			sourceTree = "<group>";
		};
/* End PBXGroup section */

/* Begin PBXNativeTarget section */
		812F53092E2B9EE00027B48B /* ezReader */ = {
			isa = PBXNativeTarget;
			buildConfigurationList = 812F53332E2B9EE20027B48B /* Build configuration list for PBXNativeTarget "ezReader" */;
			buildPhases = (
				812F53062E2B9EE00027B48B /* Sources */,
				812F53072E2B9EE00027B48B /* Frameworks */,
				812F53082E2B9EE00027B48B /* Resources */,
			);
			buildRules = (
			);
			dependencies = (
			);
			fileSystemSynchronizedGroups = (
				812F530C2E2B9EE00027B48B /* ezReader */,
			);
			name = ezReader;
			packageProductDependencies = (
			);
			productName = ezReader;
			productReference = 812F530A2E2B9EE00027B48B /* ezReader.app */;
			productType = "com.apple.product-type.application";
		};
		812F531F2E2B9EE20027B48B /* ezReaderTests */ = {
			isa = PBXNativeTarget;
			buildConfigurationList = 812F53382E2B9EE20027B48B /* Build configuration list for PBXNativeTarget "ezReaderTests" */;
			buildPhases = (
				812F531C2E2B9EE20027B48B /* Sources */,
				812F531D2E2B9EE20027B48B /* Frameworks */,
				812F531E2E2B9EE20027B48B /* Resources */,
			);
			buildRules = (
			);
			dependencies = (
				812F53222E2B9EE20027B48B /* PBXTargetDependency */,
			);
			fileSystemSynchronizedGroups = (
				812F53232E2B9EE20027B48B /* ezReaderTests */,
			);
			name = ezReaderTests;
			packageProductDependencies = (
			);
			productName = ezReaderTests;
			productReference = 812F53202E2B9EE20027B48B /* ezReaderTests.xctest */;
			productType = "com.apple.product-type.bundle.unit-test";
		};
		812F53292E2B9EE20027B48B /* ezReaderUITests */ = {
			isa = PBXNativeTarget;
			buildConfigurationList = 812F533B2E2B9EE20027B48B /* Build configuration list for PBXNativeTarget "ezReaderUITests" */;
			buildPhases = (
				812F53262E2B9EE20027B48B /* Sources */,
				812F53272E2B9EE20027B48B /* Frameworks */,
				812F53282E2B9EE20027B48B /* Resources */,
			);
			buildRules = (
			);
			dependencies = (
				812F532C2E2B9EE20027B48B /* PBXTargetDependency */,
			);
			fileSystemSynchronizedGroups = (
				812F532D2E2B9EE20027B48B /* ezReaderUITests */,
			);
			name = ezReaderUITests;
			packageProductDependencies = (
			);
			productName = ezReaderUITests;
			productReference = 812F532A2E2B9EE20027B48B /* ezReaderUITests.xctest */;
			productType = "com.apple.product-type.bundle.ui-testing";
		};
/* End PBXNativeTarget section */

/* Begin PBXProject section */
		812F53022E2B9EE00027B48B /* Project object */ = {
			isa = PBXProject;
			attributes = {
				BuildIndependentTargetsInParallel = 1;
				LastSwiftUpdateCheck = 1640;
				LastUpgradeCheck = 1640;
				TargetAttributes = {
					812F53092E2B9EE00027B48B = {
						CreatedOnToolsVersion = 16.4;
					};
					812F531F2E2B9EE20027B48B = {
						CreatedOnToolsVersion = 16.4;
						TestTargetID = 812F53092E2B9EE00027B48B;
					};
					812F53292E2B9EE20027B48B = {
						CreatedOnToolsVersion = 16.4;
						TestTargetID = 812F53092E2B9EE00027B48B;
					};
				};
			};
			buildConfigurationList = 812F53052E2B9EE00027B48B /* Build configuration list for PBXProject "ezReader" */;
			developmentRegion = en;
			hasScannedForEncodings = 0;
			knownRegions = (
				en,
				Base,
			);
			mainGroup = 812F53012E2B9EE00027B48B;
			minimizedProjectReferenceProxies = 1;
			preferredProjectObjectVersion = 77;
			productRefGroup = 812F530B2E2B9EE00027B48B /* Products */;
			projectDirPath = "";
			projectRoot = "";
			targets = (
				812F53092E2B9EE00027B48B /* ezReader */,
				812F531F2E2B9EE20027B48B /* ezReaderTests */,
				812F53292E2B9EE20027B48B /* ezReaderUITests */,
			);
		};
/* End PBXProject section */

/* Begin PBXResourcesBuildPhase section */
		812F53082E2B9EE00027B48B /* Resources */ = {
			isa = PBXResourcesBuildPhase;
			buildActionMask = 2147483647;
			files = (
			);
			runOnlyForDeploymentPostprocessing = 0;
		};
		812F531E2E2B9EE20027B48B /* Resources */ = {
			isa = PBXResourcesBuildPhase;
			buildActionMask = 2147483647;
			files = (
			);
			runOnlyForDeploymentPostprocessing = 0;
		};
		812F53282E2B9EE20027B48B /* Resources */ = {
			isa = PBXResourcesBuildPhase;
			buildActionMask = 2147483647;
			files = (
			);
			runOnlyForDeploymentPostprocessing = 0;
		};
/* End PBXResourcesBuildPhase section */

/* Begin PBXSourcesBuildPhase section */
		812F53062E2B9EE00027B48B /* Sources */ = {
			isa = PBXSourcesBuildPhase;
			buildActionMask = 2147483647;
			files = (
			);
			runOnlyForDeploymentPostprocessing = 0;
		};
		812F531C2E2B9EE20027B48B /* Sources */ = {
			isa = PBXSourcesBuildPhase;
			buildActionMask = 2147483647;
			files = (
			);
			runOnlyForDeploymentPostprocessing = 0;
		};
		812F53262E2B9EE20027B48B /* Sources */ = {
			isa = PBXSourcesBuildPhase;
			buildActionMask = 2147483647;
			files = (
			);
			runOnlyForDeploymentPostprocessing = 0;
		};
/* End PBXSourcesBuildPhase section */

/* Begin PBXTargetDependency section */
		812F53222E2B9EE20027B48B /* PBXTargetDependency */ = {
			isa = PBXTargetDependency;
			target = 812F53092E2B9EE00027B48B /* ezReader */;
			targetProxy = 812F53212E2B9EE20027B48B /* PBXContainerItemProxy */;
		};
		812F532C2E2B9EE20027B48B /* PBXTargetDependency */ = {
			isa = PBXTargetDependency;
			target = 812F53092E2B9EE00027B48B /* ezReader */;
			targetProxy = 812F532B2E2B9EE20027B48B /* PBXContainerItemProxy */;
		};
/* End PBXTargetDependency section */

/* Begin XCBuildConfiguration section */
		812F53342E2B9EE20027B48B /* Debug */ = {
			isa = XCBuildConfiguration;
			buildSettings = {
				ASSETCATALOG_COMPILER_APPICON_NAME = AppIcon;
				ASSETCATALOG_COMPILER_GLOBAL_ACCENT_COLOR_NAME = AccentColor;
				CODE_SIGN_STYLE = Automatic;
				CURRENT_PROJECT_VERSION = 1;
				GENERATE_INFOPLIST_FILE = YES;
				INFOPLIST_FILE = ezReader/Info.plist;
				INFOPLIST_KEY_UIApplicationSupportsIndirectInputEvents = YES;
				INFOPLIST_KEY_UILaunchStoryboardName = LaunchScreen;
				INFOPLIST_KEY_UIMainStoryboardFile = Main;
				INFOPLIST_KEY_UISupportedInterfaceOrientations_iPad = "UIInterfaceOrientationPortrait UIInterfaceOrientationPortraitUpsideDown UIInterfaceOrientationLandscapeLeft UIInterfaceOrientationLandscapeRight";
				INFOPLIST_KEY_UISupportedInterfaceOrientations_iPhone = "UIInterfaceOrientationPortrait UIInterfaceOrientationLandscapeLeft UIInterfaceOrientationLandscapeRight";
				LD_RUNPATH_SEARCH_PATHS = (
					"$(inherited)",
					"@executable_path/Frameworks",
				);
				MARKETING_VERSION = 1.0;
				PRODUCT_BUNDLE_IDENTIFIER = loworldsoft.ezReader;
				PRODUCT_NAME = "$(TARGET_NAME)";
				SWIFT_EMIT_LOC_STRINGS = YES;
				SWIFT_VERSION = 5.0;
				TARGETED_DEVICE_FAMILY = "1,2";
			};
			name = Debug;
		};
		812F53352E2B9EE20027B48B /* Release */ = {
			isa = XCBuildConfiguration;
			buildSettings = {
				ASSETCATALOG_COMPILER_APPICON_NAME = AppIcon;
				ASSETCATALOG_COMPILER_GLOBAL_ACCENT_COLOR_NAME = AccentColor;
				CODE_SIGN_STYLE = Automatic;
				CURRENT_PROJECT_VERSION = 1;
				GENERATE_INFOPLIST_FILE = YES;
				INFOPLIST_FILE = ezReader/Info.plist;
				INFOPLIST_KEY_UIApplicationSupportsIndirectInputEvents = YES;
				INFOPLIST_KEY_UILaunchStoryboardName = LaunchScreen;
				INFOPLIST_KEY_UIMainStoryboardFile = Main;
				INFOPLIST_KEY_UISupportedInterfaceOrientations_iPad = "UIInterfaceOrientationPortrait UIInterfaceOrientationPortraitUpsideDown UIInterfaceOrientationLandscapeLeft UIInterfaceOrientationLandscapeRight";
				INFOPLIST_KEY_UISupportedInterfaceOrientations_iPhone = "UIInterfaceOrientationPortrait UIInterfaceOrientationLandscapeLeft UIInterfaceOrientationLandscapeRight";
				LD_RUNPATH_SEARCH_PATHS = (
					"$(inherited)",
					"@executable_path/Frameworks",
				);
				MARKETING_VERSION = 1.0;
				PRODUCT_BUNDLE_IDENTIFIER = loworldsoft.ezReader;
				PRODUCT_NAME = "$(TARGET_NAME)";
				SWIFT_EMIT_LOC_STRINGS = YES;
				SWIFT_VERSION = 5.0;
				TARGETED_DEVICE_FAMILY = "1,2";
			};
			name = Release;
		};
		812F53362E2B9EE20027B48B /* Debug */ = {
			isa = XCBuildConfiguration;
			buildSettings = {
				ALWAYS_SEARCH_USER_PATHS = NO;
				ASSETCATALOG_COMPILER_GENERATE_SWIFT_ASSET_SYMBOL_EXTENSIONS = YES;
				CLANG_ANALYZER_NONNULL = YES;
				CLANG_ANALYZER_NUMBER_OBJECT_CONVERSION = YES_AGGRESSIVE;
				CLANG_CXX_LANGUAGE_STANDARD = "gnu++20";
				CLANG_ENABLE_MODULES = YES;
				CLANG_ENABLE_OBJC_ARC = YES;
				CLANG_ENABLE_OBJC_WEAK = YES;
				CLANG_WARN_BLOCK_CAPTURE_AUTORELEASING = YES;
				CLANG_WARN_BOOL_CONVERSION = YES;
				CLANG_WARN_COMMA = YES;
				CLANG_WARN_CONSTANT_CONVERSION = YES;
				CLANG_WARN_DEPRECATED_OBJC_IMPLEMENTATIONS = YES;
				CLANG_WARN_DIRECT_OBJC_ISA_USAGE = YES_ERROR;
				CLANG_WARN_DOCUMENTATION_COMMENTS = YES;
				CLANG_WARN_EMPTY_BODY = YES;
				CLANG_WARN_ENUM_CONVERSION = YES;
				CLANG_WARN_INFINITE_RECURSION = YES;
				CLANG_WARN_INT_CONVERSION = YES;
				CLANG_WARN_NON_LITERAL_NULL_CONVERSION = YES;
				CLANG_WARN_OBJC_IMPLICIT_RETAIN_SELF = YES;
				CLANG_WARN_OBJC_LITERAL_CONVERSION = YES;
				CLANG_WARN_OBJC_ROOT_CLASS = YES_ERROR;
				CLANG_WARN_QUOTED_INCLUDE_IN_FRAMEWORK_HEADER = YES;
				CLANG_WARN_RANGE_LOOP_ANALYSIS = YES;
				CLANG_WARN_STRICT_PROTOTYPES = YES;
				CLANG_WARN_SUSPICIOUS_MOVE = YES;
				CLANG_WARN_UNGUARDED_AVAILABILITY = YES_AGGRESSIVE;
				CLANG_WARN_UNREACHABLE_CODE = YES;
				CLANG_WARN__DUPLICATE_METHOD_MATCH = YES;
				COPY_PHASE_STRIP = NO;
				DEBUG_INFORMATION_FORMAT = dwarf;
				ENABLE_STRICT_OBJC_MSGSEND = YES;
				ENABLE_TESTABILITY = YES;
				ENABLE_USER_SCRIPT_SANDBOXING = YES;
				GCC_C_LANGUAGE_STANDARD = gnu17;
				GCC_DYNAMIC_NO_PIC = NO;
				GCC_NO_COMMON_BLOCKS = YES;
				GCC_OPTIMIZATION_LEVEL = 0;
				GCC_PREPROCESSOR_DEFINITIONS = (
					"DEBUG=1",
					"$(inherited)",
				);
				GCC_WARN_64_TO_32_BIT_CONVERSION = YES;
				GCC_WARN_ABOUT_RETURN_TYPE = YES_ERROR;
				GCC_WARN_UNDECLARED_SELECTOR = YES;
				GCC_WARN_UNINITIALIZED_AUTOS = YES_AGGRESSIVE;
				GCC_WARN_UNUSED_FUNCTION = YES;
				GCC_WARN_UNUSED_VARIABLE = YES;
				IPHONEOS_DEPLOYMENT_TARGET = 18.5;
				LOCALIZATION_PREFERS_STRING_CATALOGS = YES;
				MTL_ENABLE_DEBUG_INFO = INCLUDE_SOURCE;
				MTL_FAST_MATH = YES;
				ONLY_ACTIVE_ARCH = YES;
				SDKROOT = iphoneos;
				SWIFT_ACTIVE_COMPILATION_CONDITIONS = "DEBUG $(inherited)";
				SWIFT_OPTIMIZATION_LEVEL = "-Onone";
			};
			name = Debug;
		};
		812F53372E2B9EE20027B48B /* Release */ = {
			isa = XCBuildConfiguration;
			buildSettings = {
				ALWAYS_SEARCH_USER_PATHS = NO;
				ASSETCATALOG_COMPILER_GENERATE_SWIFT_ASSET_SYMBOL_EXTENSIONS = YES;
				CLANG_ANALYZER_NONNULL = YES;
				CLANG_ANALYZER_NUMBER_OBJECT_CONVERSION = YES_AGGRESSIVE;
				CLANG_CXX_LANGUAGE_STANDARD = "gnu++20";
				CLANG_ENABLE_MODULES = YES;
				CLANG_ENABLE_OBJC_ARC = YES;
				CLANG_ENABLE_OBJC_WEAK = YES;
				CLANG_WARN_BLOCK_CAPTURE_AUTORELEASING = YES;
				CLANG_WARN_BOOL_CONVERSION = YES;
				CLANG_WARN_COMMA = YES;
				CLANG_WARN_CONSTANT_CONVERSION = YES;
				CLANG_WARN_DEPRECATED_OBJC_IMPLEMENTATIONS = YES;
				CLANG_WARN_DIRECT_OBJC_ISA_USAGE = YES_ERROR;
				CLANG_WARN_DOCUMENTATION_COMMENTS = YES;
				CLANG_WARN_EMPTY_BODY = YES;
				CLANG_WARN_ENUM_CONVERSION = YES;
				CLANG_WARN_INFINITE_RECURSION = YES;
				CLANG_WARN_INT_CONVERSION = YES;
				CLANG_WARN_NON_LITERAL_NULL_CONVERSION = YES;
				CLANG_WARN_OBJC_IMPLICIT_RETAIN_SELF = YES;
				CLANG_WARN_OBJC_LITERAL_CONVERSION = YES;
				CLANG_WARN_OBJC_ROOT_CLASS = YES_ERROR;
				CLANG_WARN_QUOTED_INCLUDE_IN_FRAMEWORK_HEADER = YES;
				CLANG_WARN_RANGE_LOOP_ANALYSIS = YES;
				CLANG_WARN_STRICT_PROTOTYPES = YES;
				CLANG_WARN_SUSPICIOUS_MOVE = YES;
				CLANG_WARN_UNGUARDED_AVAILABILITY = YES_AGGRESSIVE;
				CLANG_WARN_UNREACHABLE_CODE = YES;
				CLANG_WARN__DUPLICATE_METHOD_MATCH = YES;
				COPY_PHASE_STRIP = NO;
				DEBUG_INFORMATION_FORMAT = "dwarf-with-dsym";
				ENABLE_NS_ASSERTIONS = NO;
				ENABLE_STRICT_OBJC_MSGSEND = YES;
				ENABLE_USER_SCRIPT_SANDBOXING = YES;
				GCC_C_LANGUAGE_STANDARD = gnu17;
				GCC_NO_COMMON_BLOCKS = YES;
				GCC_WARN_64_TO_32_BIT_CONVERSION = YES;
				GCC_WARN_ABOUT_RETURN_TYPE = YES_ERROR;
				GCC_WARN_UNDECLARED_SELECTOR = YES;
				GCC_WARN_UNINITIALIZED_AUTOS = YES_AGGRESSIVE;
				GCC_WARN_UNUSED_FUNCTION = YES;
				GCC_WARN_UNUSED_VARIABLE = YES;
				IPHONEOS_DEPLOYMENT_TARGET = 18.5;
				LOCALIZATION_PREFERS_STRING_CATALOGS = YES;
				MTL_ENABLE_DEBUG_INFO = NO;
				MTL_FAST_MATH = YES;
				SDKROOT = iphoneos;
				SWIFT_COMPILATION_MODE = wholemodule;
				VALIDATE_PRODUCT = YES;
			};
			name = Release;
		};
		812F53392E2B9EE20027B48B /* Debug */ = {
			isa = XCBuildConfiguration;
			buildSettings = {
				BUNDLE_LOADER = "$(TEST_HOST)";
				CODE_SIGN_STYLE = Automatic;
				CURRENT_PROJECT_VERSION = 1;
				GENERATE_INFOPLIST_FILE = YES;
				IPHONEOS_DEPLOYMENT_TARGET = 18.5;
				MARKETING_VERSION = 1.0;
				PRODUCT_BUNDLE_IDENTIFIER = loworldsoft.ezReaderTests;
				PRODUCT_NAME = "$(TARGET_NAME)";
				SWIFT_EMIT_LOC_STRINGS = NO;
				SWIFT_VERSION = 5.0;
				TARGETED_DEVICE_FAMILY = "1,2";
				TEST_HOST = "$(BUILT_PRODUCTS_DIR)/ezReader.app/$(BUNDLE_EXECUTABLE_FOLDER_PATH)/ezReader";
			};
			name = Debug;
		};
		812F533A2E2B9EE20027B48B /* Release */ = {
			isa = XCBuildConfiguration;
			buildSettings = {
				BUNDLE_LOADER = "$(TEST_HOST)";
				CODE_SIGN_STYLE = Automatic;
				CURRENT_PROJECT_VERSION = 1;
				GENERATE_INFOPLIST_FILE = YES;
				IPHONEOS_DEPLOYMENT_TARGET = 18.5;
				MARKETING_VERSION = 1.0;
				PRODUCT_BUNDLE_IDENTIFIER = loworldsoft.ezReaderTests;
				PRODUCT_NAME = "$(TARGET_NAME)";
				SWIFT_EMIT_LOC_STRINGS = NO;
				SWIFT_VERSION = 5.0;
				TARGETED_DEVICE_FAMILY = "1,2";
				TEST_HOST = "$(BUILT_PRODUCTS_DIR)/ezReader.app/$(BUNDLE_EXECUTABLE_FOLDER_PATH)/ezReader";
			};
			name = Release;
		};
		812F533C2E2B9EE20027B48B /* Debug */ = {
			isa = XCBuildConfiguration;
			buildSettings = {
				CODE_SIGN_STYLE = Automatic;
				CURRENT_PROJECT_VERSION = 1;
				GENERATE_INFOPLIST_FILE = YES;
				MARKETING_VERSION = 1.0;
				PRODUCT_BUNDLE_IDENTIFIER = loworldsoft.ezReaderUITests;
				PRODUCT_NAME = "$(TARGET_NAME)";
				SWIFT_EMIT_LOC_STRINGS = NO;
				SWIFT_VERSION = 5.0;
				TARGETED_DEVICE_FAMILY = "1,2";
				TEST_TARGET_NAME = ezReader;
			};
			name = Debug;
		};
		812F533D2E2B9EE20027B48B /* Release */ = {
			isa = XCBuildConfiguration;
			buildSettings = {
				CODE_SIGN_STYLE = Automatic;
				CURRENT_PROJECT_VERSION = 1;
				GENERATE_INFOPLIST_FILE = YES;
				MARKETING_VERSION = 1.0;
				PRODUCT_BUNDLE_IDENTIFIER = loworldsoft.ezReaderUITests;
				PRODUCT_NAME = "$(TARGET_NAME)";
				SWIFT_EMIT_LOC_STRINGS = NO;
				SWIFT_VERSION = 5.0;
				TARGETED_DEVICE_FAMILY = "1,2";
				TEST_TARGET_NAME = ezReader;
			};
			name = Release;
		};
/* End XCBuildConfiguration section */

/* Begin XCConfigurationList section */
		812F53052E2B9EE00027B48B /* Build configuration list for PBXProject "ezReader" */ = {
			isa = XCConfigurationList;
			buildConfigurations = (
				812F53362E2B9EE20027B48B /* Debug */,
				812F53372E2B9EE20027B48B /* Release */,
			);
			defaultConfigurationIsVisible = 0;
			defaultConfigurationName = Release;
		};
		812F53332E2B9EE20027B48B /* Build configuration list for PBXNativeTarget "ezReader" */ = {
			isa = XCConfigurationList;
			buildConfigurations = (
				812F53342E2B9EE20027B48B /* Debug */,
				812F53352E2B9EE20027B48B /* Release */,
			);
			defaultConfigurationIsVisible = 0;
			defaultConfigurationName = Release;
		};
		812F53382E2B9EE20027B48B /* Build configuration list for PBXNativeTarget "ezReaderTests" */ = {
			isa = XCConfigurationList;
			buildConfigurations = (
				812F53392E2B9EE20027B48B /* Debug */,
				812F533A2E2B9EE20027B48B /* Release */,
			);
			defaultConfigurationIsVisible = 0;
			defaultConfigurationName = Release;
		};
		812F533B2E2B9EE20027B48B /* Build configuration list for PBXNativeTarget "ezReaderUITests" */ = {
			isa = XCConfigurationList;
			buildConfigurations = (
				812F533C2E2B9EE20027B48B /* Debug */,
				812F533D2E2B9EE20027B48B /* Release */,
			);
			defaultConfigurationIsVisible = 0;
			defaultConfigurationName = Release;
		};
/* End XCConfigurationList section */
	};
	rootObject = 812F53022E2B9EE00027B48B /* Project object */;
}
